// !$*UTF8*$!
{
	archiveVersion = 1;
	classes = {
	};
	objectVersion = 48;
	objects = {

/* Begin PBXBuildFile section */
		89A54A66A97849A20AB24C1D /* Pods_Eglaf.framework in Frameworks */ = {isa = PBXBuildFile; fileRef = BC4AEC96CDBD5121082E977F /* Pods_Eglaf.framework */; };
		C58BD0F12036DA1C004CEF79 /* Utils.swift in Sources */ = {isa = PBXBuildFile; fileRef = C58BD0F02036DA1C004CEF79 /* Utils.swift */; };
		C58BD0F72036F723004CEF79 /* DBProvider.swift in Sources */ = {isa = PBXBuildFile; fileRef = C58BD0F62036F723004CEF79 /* DBProvider.swift */; };
		C58BD0FA2036F7A4004CEF79 /* Constants.swift in Sources */ = {isa = PBXBuildFile; fileRef = C58BD0F92036F7A4004CEF79 /* Constants.swift */; };
		C58BD0FD2036FA9D004CEF79 /* UserHandler.swift in Sources */ = {isa = PBXBuildFile; fileRef = C58BD0FC2036FA9D004CEF79 /* UserHandler.swift */; };
		C58BD0FF2036FAAA004CEF79 /* IssueHandler.swift in Sources */ = {isa = PBXBuildFile; fileRef = C58BD0FE2036FAAA004CEF79 /* IssueHandler.swift */; };
		C58BD1012036FB15004CEF79 /* User.swift in Sources */ = {isa = PBXBuildFile; fileRef = C58BD1002036FB15004CEF79 /* User.swift */; };
		C58BD1032036FB20004CEF79 /* Issue.swift in Sources */ = {isa = PBXBuildFile; fileRef = C58BD1022036FB20004CEF79 /* Issue.swift */; };
		C5ABD98320364F6000FA5E75 /* AppDelegate.swift in Sources */ = {isa = PBXBuildFile; fileRef = C5ABD98220364F6000FA5E75 /* AppDelegate.swift */; };
		C5ABD98520364F6000FA5E75 /* ViewController.swift in Sources */ = {isa = PBXBuildFile; fileRef = C5ABD98420364F6000FA5E75 /* ViewController.swift */; };
		C5ABD98820364F6000FA5E75 /* Main.storyboard in Resources */ = {isa = PBXBuildFile; fileRef = C5ABD98620364F6000FA5E75 /* Main.storyboard */; };
		C5ABD98A20364F6000FA5E75 /* Assets.xcassets in Resources */ = {isa = PBXBuildFile; fileRef = C5ABD98920364F6000FA5E75 /* Assets.xcassets */; };
		C5ABD98D20364F6000FA5E75 /* LaunchScreen.storyboard in Resources */ = {isa = PBXBuildFile; fileRef = C5ABD98B20364F6000FA5E75 /* LaunchScreen.storyboard */; };
		C5ABD9982036510900FA5E75 /* APIService.swift in Sources */ = {isa = PBXBuildFile; fileRef = C5ABD9972036510900FA5E75 /* APIService.swift */; };
		C5ABD99A2036511800FA5E75 /* Network.swift in Sources */ = {isa = PBXBuildFile; fileRef = C5ABD9992036511800FA5E75 /* Network.swift */; };
		C5ABD99D2036515200FA5E75 /* EventAPIService.swift in Sources */ = {isa = PBXBuildFile; fileRef = C5ABD99C2036515200FA5E75 /* EventAPIService.swift */; };
		C5ABD9A0203653E300FA5E75 /* Ticket.swift in Sources */ = {isa = PBXBuildFile; fileRef = C5ABD99F203653E300FA5E75 /* Ticket.swift */; };
		C5ABD9A2203653EE00FA5E75 /* Tickets.swift in Sources */ = {isa = PBXBuildFile; fileRef = C5ABD9A1203653EE00FA5E75 /* Tickets.swift */; };
		C5ABD9A42036627900FA5E75 /* CheckInResponse.swift in Sources */ = {isa = PBXBuildFile; fileRef = C5ABD9A32036627900FA5E75 /* CheckInResponse.swift */; };
		C5CCCA0E203721D1009756BB /* GoogleService-Info.plist in Resources */ = {isa = PBXBuildFile; fileRef = C5CCCA0D203721D0009756BB /* GoogleService-Info.plist */; };
		C5CCCA1020373FEA009756BB /* UIImageView+Extension.swift in Sources */ = {isa = PBXBuildFile; fileRef = C5CCCA0F20373FEA009756BB /* UIImageView+Extension.swift */; };
		E306B7F920371F5E00CE5483 /* HomeViewController.storyboard in Resources */ = {isa = PBXBuildFile; fileRef = E306B7F820371F5E00CE5483 /* HomeViewController.storyboard */; };
		E306B7FB20371F6800CE5483 /* HomeViewController.swift in Sources */ = {isa = PBXBuildFile; fileRef = E306B7FA20371F6800CE5483 /* HomeViewController.swift */; };
		E306B7FD2037208100CE5483 /* ProfileViewController.storyboard in Resources */ = {isa = PBXBuildFile; fileRef = E306B7FC2037208100CE5483 /* ProfileViewController.storyboard */; };
		E306B7FF2037208E00CE5483 /* ProfileViewController.swift in Sources */ = {isa = PBXBuildFile; fileRef = E306B7FE2037208E00CE5483 /* ProfileViewController.swift */; };
		E306B8032037246D00CE5483 /* IssueTableViewCell.swift in Sources */ = {isa = PBXBuildFile; fileRef = E306B8012037246D00CE5483 /* IssueTableViewCell.swift */; };
		E306B8042037246D00CE5483 /* IssueTableViewCell.xib in Resources */ = {isa = PBXBuildFile; fileRef = E306B8022037246D00CE5483 /* IssueTableViewCell.xib */; };
		E306B8452037276E00CE5483 /* SF-Pro-Display-Light.otf in Resources */ = {isa = PBXBuildFile; fileRef = E306B8422037276E00CE5483 /* SF-Pro-Display-Light.otf */; };
		E306B8462037276E00CE5483 /* SF-Pro-Display-Regular.otf in Resources */ = {isa = PBXBuildFile; fileRef = E306B8432037276E00CE5483 /* SF-Pro-Display-Regular.otf */; };
		E306B8472037276E00CE5483 /* SF-Pro-Display-Bold.otf in Resources */ = {isa = PBXBuildFile; fileRef = E306B8442037276E00CE5483 /* SF-Pro-Display-Bold.otf */; };
		E391AD782036D80D002B5FF4 /* TabBarViewController.swift in Sources */ = {isa = PBXBuildFile; fileRef = E391AD772036D80D002B5FF4 /* TabBarViewController.swift */; };
		E391AD7A2036D85A002B5FF4 /* QRViewController.swift in Sources */ = {isa = PBXBuildFile; fileRef = E391AD792036D85A002B5FF4 /* QRViewController.swift */; };
		E391AD7D2036D8C0002B5FF4 /* StoryboardInit.swift in Sources */ = {isa = PBXBuildFile; fileRef = E391AD7C2036D8C0002B5FF4 /* StoryboardInit.swift */; };
		E391AD7F2036D91D002B5FF4 /* QRViewController.storyboard in Resources */ = {isa = PBXBuildFile; fileRef = E391AD7E2036D91D002B5FF4 /* QRViewController.storyboard */; };
		E391AD852036E748002B5FF4 /* OKAlert.swift in Sources */ = {isa = PBXBuildFile; fileRef = E391AD842036E748002B5FF4 /* OKAlert.swift */; };
/* End PBXBuildFile section */

/* Begin PBXFileReference section */
		50457889FDFFB3E2B70C7C7D /* Pods-Eglaf.debug.xcconfig */ = {isa = PBXFileReference; includeInIndex = 1; lastKnownFileType = text.xcconfig; name = "Pods-Eglaf.debug.xcconfig"; path = "Pods/Target Support Files/Pods-Eglaf/Pods-Eglaf.debug.xcconfig"; sourceTree = "<group>"; };
		A24EE61D0BA474179EE90ED8 /* Pods-Eglaf.release.xcconfig */ = {isa = PBXFileReference; includeInIndex = 1; lastKnownFileType = text.xcconfig; name = "Pods-Eglaf.release.xcconfig"; path = "Pods/Target Support Files/Pods-Eglaf/Pods-Eglaf.release.xcconfig"; sourceTree = "<group>"; };
		BC4AEC96CDBD5121082E977F /* Pods_Eglaf.framework */ = {isa = PBXFileReference; explicitFileType = wrapper.framework; includeInIndex = 0; path = Pods_Eglaf.framework; sourceTree = BUILT_PRODUCTS_DIR; };
		C58BD0F02036DA1C004CEF79 /* Utils.swift */ = {isa = PBXFileReference; lastKnownFileType = sourcecode.swift; path = Utils.swift; sourceTree = "<group>"; };
		C58BD0F62036F723004CEF79 /* DBProvider.swift */ = {isa = PBXFileReference; lastKnownFileType = sourcecode.swift; path = DBProvider.swift; sourceTree = "<group>"; };
		C58BD0F92036F7A4004CEF79 /* Constants.swift */ = {isa = PBXFileReference; lastKnownFileType = sourcecode.swift; path = Constants.swift; sourceTree = "<group>"; };
		C58BD0FC2036FA9D004CEF79 /* UserHandler.swift */ = {isa = PBXFileReference; lastKnownFileType = sourcecode.swift; path = UserHandler.swift; sourceTree = "<group>"; };
		C58BD0FE2036FAAA004CEF79 /* IssueHandler.swift */ = {isa = PBXFileReference; lastKnownFileType = sourcecode.swift; path = IssueHandler.swift; sourceTree = "<group>"; };
		C58BD1002036FB15004CEF79 /* User.swift */ = {isa = PBXFileReference; lastKnownFileType = sourcecode.swift; path = User.swift; sourceTree = "<group>"; };
		C58BD1022036FB20004CEF79 /* Issue.swift */ = {isa = PBXFileReference; lastKnownFileType = sourcecode.swift; path = Issue.swift; sourceTree = "<group>"; };
		C5ABD97F20364F6000FA5E75 /* Eglaf.app */ = {isa = PBXFileReference; explicitFileType = wrapper.application; includeInIndex = 0; path = Eglaf.app; sourceTree = BUILT_PRODUCTS_DIR; };
		C5ABD98220364F6000FA5E75 /* AppDelegate.swift */ = {isa = PBXFileReference; lastKnownFileType = sourcecode.swift; path = AppDelegate.swift; sourceTree = "<group>"; };
		C5ABD98420364F6000FA5E75 /* ViewController.swift */ = {isa = PBXFileReference; lastKnownFileType = sourcecode.swift; path = ViewController.swift; sourceTree = "<group>"; };
		C5ABD98720364F6000FA5E75 /* Base */ = {isa = PBXFileReference; lastKnownFileType = file.storyboard; name = Base; path = Base.lproj/Main.storyboard; sourceTree = "<group>"; };
		C5ABD98920364F6000FA5E75 /* Assets.xcassets */ = {isa = PBXFileReference; lastKnownFileType = folder.assetcatalog; path = Assets.xcassets; sourceTree = "<group>"; };
		C5ABD98C20364F6000FA5E75 /* Base */ = {isa = PBXFileReference; lastKnownFileType = file.storyboard; name = Base; path = Base.lproj/LaunchScreen.storyboard; sourceTree = "<group>"; };
		C5ABD98E20364F6000FA5E75 /* Info.plist */ = {isa = PBXFileReference; lastKnownFileType = text.plist.xml; path = Info.plist; sourceTree = "<group>"; };
		C5ABD9972036510900FA5E75 /* APIService.swift */ = {isa = PBXFileReference; lastKnownFileType = sourcecode.swift; path = APIService.swift; sourceTree = "<group>"; };
		C5ABD9992036511800FA5E75 /* Network.swift */ = {isa = PBXFileReference; lastKnownFileType = sourcecode.swift; path = Network.swift; sourceTree = "<group>"; };
		C5ABD99C2036515200FA5E75 /* EventAPIService.swift */ = {isa = PBXFileReference; lastKnownFileType = sourcecode.swift; path = EventAPIService.swift; sourceTree = "<group>"; };
		C5ABD99F203653E300FA5E75 /* Ticket.swift */ = {isa = PBXFileReference; lastKnownFileType = sourcecode.swift; path = Ticket.swift; sourceTree = "<group>"; };
		C5ABD9A1203653EE00FA5E75 /* Tickets.swift */ = {isa = PBXFileReference; lastKnownFileType = sourcecode.swift; path = Tickets.swift; sourceTree = "<group>"; };
		C5ABD9A32036627900FA5E75 /* CheckInResponse.swift */ = {isa = PBXFileReference; lastKnownFileType = sourcecode.swift; path = CheckInResponse.swift; sourceTree = "<group>"; };
		C5CCCA0D203721D0009756BB /* GoogleService-Info.plist */ = {isa = PBXFileReference; fileEncoding = 4; lastKnownFileType = text.plist.xml; path = "GoogleService-Info.plist"; sourceTree = "<group>"; };
		C5CCCA0F20373FEA009756BB /* UIImageView+Extension.swift */ = {isa = PBXFileReference; lastKnownFileType = sourcecode.swift; path = "UIImageView+Extension.swift"; sourceTree = "<group>"; };
		E306B7F820371F5E00CE5483 /* HomeViewController.storyboard */ = {isa = PBXFileReference; lastKnownFileType = file.storyboard; path = HomeViewController.storyboard; sourceTree = "<group>"; };
		E306B7FA20371F6800CE5483 /* HomeViewController.swift */ = {isa = PBXFileReference; lastKnownFileType = sourcecode.swift; path = HomeViewController.swift; sourceTree = "<group>"; };
		E306B7FC2037208100CE5483 /* ProfileViewController.storyboard */ = {isa = PBXFileReference; lastKnownFileType = file.storyboard; path = ProfileViewController.storyboard; sourceTree = "<group>"; };
		E306B7FE2037208E00CE5483 /* ProfileViewController.swift */ = {isa = PBXFileReference; lastKnownFileType = sourcecode.swift; path = ProfileViewController.swift; sourceTree = "<group>"; };
		E306B8012037246D00CE5483 /* IssueTableViewCell.swift */ = {isa = PBXFileReference; lastKnownFileType = sourcecode.swift; path = IssueTableViewCell.swift; sourceTree = "<group>"; };
		E306B8022037246D00CE5483 /* IssueTableViewCell.xib */ = {isa = PBXFileReference; lastKnownFileType = file.xib; path = IssueTableViewCell.xib; sourceTree = "<group>"; };
		E306B8422037276E00CE5483 /* SF-Pro-Display-Light.otf */ = {isa = PBXFileReference; lastKnownFileType = file; path = "SF-Pro-Display-Light.otf"; sourceTree = "<group>"; };
		E306B8432037276E00CE5483 /* SF-Pro-Display-Regular.otf */ = {isa = PBXFileReference; lastKnownFileType = file; path = "SF-Pro-Display-Regular.otf"; sourceTree = "<group>"; };
		E306B8442037276E00CE5483 /* SF-Pro-Display-Bold.otf */ = {isa = PBXFileReference; lastKnownFileType = file; path = "SF-Pro-Display-Bold.otf"; sourceTree = "<group>"; };
		E391AD772036D80D002B5FF4 /* TabBarViewController.swift */ = {isa = PBXFileReference; lastKnownFileType = sourcecode.swift; path = TabBarViewController.swift; sourceTree = "<group>"; };
		E391AD792036D85A002B5FF4 /* QRViewController.swift */ = {isa = PBXFileReference; lastKnownFileType = sourcecode.swift; path = QRViewController.swift; sourceTree = "<group>"; };
		E391AD7C2036D8C0002B5FF4 /* StoryboardInit.swift */ = {isa = PBXFileReference; lastKnownFileType = sourcecode.swift; path = StoryboardInit.swift; sourceTree = "<group>"; };
		E391AD7E2036D91D002B5FF4 /* QRViewController.storyboard */ = {isa = PBXFileReference; lastKnownFileType = file.storyboard; path = QRViewController.storyboard; sourceTree = "<group>"; };
		E391AD842036E748002B5FF4 /* OKAlert.swift */ = {isa = PBXFileReference; lastKnownFileType = sourcecode.swift; path = OKAlert.swift; sourceTree = "<group>"; };
/* End PBXFileReference section */

/* Begin PBXFrameworksBuildPhase section */
		C5ABD97C20364F6000FA5E75 /* Frameworks */ = {
			isa = PBXFrameworksBuildPhase;
			buildActionMask = 2147483647;
			files = (
				89A54A66A97849A20AB24C1D /* Pods_Eglaf.framework in Frameworks */,
			);
			runOnlyForDeploymentPostprocessing = 0;
		};
/* End PBXFrameworksBuildPhase section */

/* Begin PBXGroup section */
		1F9449F975D86BF12D9A1383 /* Frameworks */ = {
			isa = PBXGroup;
			children = (
				BC4AEC96CDBD5121082E977F /* Pods_Eglaf.framework */,
			);
			name = Frameworks;
			sourceTree = "<group>";
		};
		4A61A78E7785520FC89F7C41 /* Pods */ = {
			isa = PBXGroup;
			children = (
				50457889FDFFB3E2B70C7C7D /* Pods-Eglaf.debug.xcconfig */,
				A24EE61D0BA474179EE90ED8 /* Pods-Eglaf.release.xcconfig */,
			);
			name = Pods;
			sourceTree = "<group>";
		};
		C58BD0EE2036D93F004CEF79 /* Service */ = {
			isa = PBXGroup;
			children = (
				C5ABD99C2036515200FA5E75 /* EventAPIService.swift */,
			);
			path = Service;
			sourceTree = "<group>";
		};
		C58BD0EF2036DA0A004CEF79 /* Utils */ = {
			isa = PBXGroup;
			children = (
				E306B8052037269500CE5483 /* Fonts */,
				C58BD0F02036DA1C004CEF79 /* Utils.swift */,
			);
			path = Utils;
			sourceTree = "<group>";
		};
		C58BD0F22036E957004CEF79 /* DatabaseEntity */ = {
			isa = PBXGroup;
			children = (
				C58BD1002036FB15004CEF79 /* User.swift */,
				C58BD1022036FB20004CEF79 /* Issue.swift */,
			);
			path = DatabaseEntity;
			sourceTree = "<group>";
		};
		C58BD0F32036F38C004CEF79 /* Firebase */ = {
			isa = PBXGroup;
			children = (
				C58BD0F62036F723004CEF79 /* DBProvider.swift */,
				C58BD0FB2036FA53004CEF79 /* Handler */,
			);
			path = Firebase;
			sourceTree = "<group>";
		};
		C58BD0F82036F790004CEF79 /* Constants */ = {
			isa = PBXGroup;
			children = (
				C58BD0F92036F7A4004CEF79 /* Constants.swift */,
			);
			path = Constants;
			sourceTree = "<group>";
		};
		C58BD0FB2036FA53004CEF79 /* Handler */ = {
			isa = PBXGroup;
			children = (
				C58BD0FC2036FA9D004CEF79 /* UserHandler.swift */,
				C58BD0FE2036FAAA004CEF79 /* IssueHandler.swift */,
			);
			path = Handler;
			sourceTree = "<group>";
		};
		C5ABD97620364F6000FA5E75 = {
			isa = PBXGroup;
			children = (
				C5ABD98120364F6000FA5E75 /* Eglaf */,
				C5ABD98020364F6000FA5E75 /* Products */,
				4A61A78E7785520FC89F7C41 /* Pods */,
				1F9449F975D86BF12D9A1383 /* Frameworks */,
			);
			sourceTree = "<group>";
		};
		C5ABD98020364F6000FA5E75 /* Products */ = {
			isa = PBXGroup;
			children = (
				C5ABD97F20364F6000FA5E75 /* Eglaf.app */,
			);
			name = Products;
			sourceTree = "<group>";
		};
		C5ABD98120364F6000FA5E75 /* Eglaf */ = {
			isa = PBXGroup;
			children = (
				E306B8002037244B00CE5483 /* Xib */,
				C5ABD99420364F6E00FA5E75 /* Networking */,
				C5ABD99620364F8F00FA5E75 /* Model */,
				C5ABD99520364F8400FA5E75 /* Controller */,
				C5ABD9A52036643200FA5E75 /* Storyboard */,
				C58BD0EF2036DA0A004CEF79 /* Utils */,
				C58BD0F82036F790004CEF79 /* Constants */,
				E391AD7B2036D8B1002B5FF4 /* Extensions */,
				C5ABD98220364F6000FA5E75 /* AppDelegate.swift */,
				C5ABD98920364F6000FA5E75 /* Assets.xcassets */,
				C5ABD98B20364F6000FA5E75 /* LaunchScreen.storyboard */,
				C5ABD98E20364F6000FA5E75 /* Info.plist */,
				C5CCCA0D203721D0009756BB /* GoogleService-Info.plist */,
			);
			path = Eglaf;
			sourceTree = "<group>";
		};
		C5ABD99420364F6E00FA5E75 /* Networking */ = {
			isa = PBXGroup;
			children = (
				C58BD0F32036F38C004CEF79 /* Firebase */,
				C58BD0EE2036D93F004CEF79 /* Service */,
				C5ABD9972036510900FA5E75 /* APIService.swift */,
				C5ABD9992036511800FA5E75 /* Network.swift */,
			);
			path = Networking;
			sourceTree = "<group>";
		};
		C5ABD99520364F8400FA5E75 /* Controller */ = {
			isa = PBXGroup;
			children = (
				C5ABD98420364F6000FA5E75 /* ViewController.swift */,
				E391AD772036D80D002B5FF4 /* TabBarViewController.swift */,
				E391AD792036D85A002B5FF4 /* QRViewController.swift */,
				E306B7FA20371F6800CE5483 /* HomeViewController.swift */,
				E306B7FE2037208E00CE5483 /* ProfileViewController.swift */,
			);
			path = Controller;
			sourceTree = "<group>";
		};
		C5ABD99620364F8F00FA5E75 /* Model */ = {
			isa = PBXGroup;
			children = (
				C58BD0F22036E957004CEF79 /* DatabaseEntity */,
				C5ABD99E203652CF00FA5E75 /* APIEntity */,
			);
			path = Model;
			sourceTree = "<group>";
		};
		C5ABD99E203652CF00FA5E75 /* APIEntity */ = {
			isa = PBXGroup;
			children = (
				C5ABD99F203653E300FA5E75 /* Ticket.swift */,
				C5ABD9A1203653EE00FA5E75 /* Tickets.swift */,
				C5ABD9A32036627900FA5E75 /* CheckInResponse.swift */,
			);
			path = APIEntity;
			sourceTree = "<group>";
		};
		C5ABD9A52036643200FA5E75 /* Storyboard */ = {
			isa = PBXGroup;
			children = (
				C5ABD98620364F6000FA5E75 /* Main.storyboard */,
				E391AD7E2036D91D002B5FF4 /* QRViewController.storyboard */,
				E306B7F820371F5E00CE5483 /* HomeViewController.storyboard */,
				E306B7FC2037208100CE5483 /* ProfileViewController.storyboard */,
			);
			path = Storyboard;
			sourceTree = "<group>";
		};
		E306B8002037244B00CE5483 /* Xib */ = {
			isa = PBXGroup;
			children = (
				E306B8012037246D00CE5483 /* IssueTableViewCell.swift */,
				E306B8022037246D00CE5483 /* IssueTableViewCell.xib */,
			);
			path = Xib;
			sourceTree = "<group>";
		};
		E306B8052037269500CE5483 /* Fonts */ = {
			isa = PBXGroup;
			children = (
				E306B8442037276E00CE5483 /* SF-Pro-Display-Bold.otf */,
				E306B8422037276E00CE5483 /* SF-Pro-Display-Light.otf */,
				E306B8432037276E00CE5483 /* SF-Pro-Display-Regular.otf */,
			);
			path = Fonts;
			sourceTree = "<group>";
		};
		E391AD7B2036D8B1002B5FF4 /* Extensions */ = {
			isa = PBXGroup;
			children = (
				E391AD7C2036D8C0002B5FF4 /* StoryboardInit.swift */,
				E391AD842036E748002B5FF4 /* OKAlert.swift */,
				C5CCCA0F20373FEA009756BB /* UIImageView+Extension.swift */,
			);
			path = Extensions;
			sourceTree = "<group>";
		};
/* End PBXGroup section */

/* Begin PBXNativeTarget section */
		C5ABD97E20364F6000FA5E75 /* Eglaf */ = {
			isa = PBXNativeTarget;
			buildConfigurationList = C5ABD99120364F6000FA5E75 /* Build configuration list for PBXNativeTarget "Eglaf" */;
			buildPhases = (
				F726D49A239C54C56BF0D4CC /* [CP] Check Pods Manifest.lock */,
				C5ABD97B20364F6000FA5E75 /* Sources */,
				C5ABD97C20364F6000FA5E75 /* Frameworks */,
				C5ABD97D20364F6000FA5E75 /* Resources */,
				314343DDD67FF742950E2A29 /* [CP] Embed Pods Frameworks */,
				BB0CED5A6DD9494928643866 /* [CP] Copy Pods Resources */,
			);
			buildRules = (
			);
			dependencies = (
			);
			name = Eglaf;
			productName = Eglaf;
			productReference = C5ABD97F20364F6000FA5E75 /* Eglaf.app */;
			productType = "com.apple.product-type.application";
		};
/* End PBXNativeTarget section */

/* Begin PBXProject section */
		C5ABD97720364F6000FA5E75 /* Project object */ = {
			isa = PBXProject;
			attributes = {
				LastSwiftUpdateCheck = 0920;
				LastUpgradeCheck = 0920;
				ORGANIZATIONNAME = "Adam Zvada";
				TargetAttributes = {
					C5ABD97E20364F6000FA5E75 = {
						CreatedOnToolsVersion = 9.2;
						ProvisioningStyle = Automatic;
					};
				};
			};
			buildConfigurationList = C5ABD97A20364F6000FA5E75 /* Build configuration list for PBXProject "Eglaf" */;
			compatibilityVersion = "Xcode 8.0";
			developmentRegion = en;
			hasScannedForEncodings = 0;
			knownRegions = (
				en,
				Base,
			);
			mainGroup = C5ABD97620364F6000FA5E75;
			productRefGroup = C5ABD98020364F6000FA5E75 /* Products */;
			projectDirPath = "";
			projectRoot = "";
			targets = (
				C5ABD97E20364F6000FA5E75 /* Eglaf */,
			);
		};
/* End PBXProject section */

/* Begin PBXResourcesBuildPhase section */
		C5ABD97D20364F6000FA5E75 /* Resources */ = {
			isa = PBXResourcesBuildPhase;
			buildActionMask = 2147483647;
			files = (
				C5ABD98D20364F6000FA5E75 /* LaunchScreen.storyboard in Resources */,
				E306B7FD2037208100CE5483 /* ProfileViewController.storyboard in Resources */,
				E391AD7F2036D91D002B5FF4 /* QRViewController.storyboard in Resources */,
				E306B8042037246D00CE5483 /* IssueTableViewCell.xib in Resources */,
				E306B8452037276E00CE5483 /* SF-Pro-Display-Light.otf in Resources */,
				E306B7F920371F5E00CE5483 /* HomeViewController.storyboard in Resources */,
				C5CCCA0E203721D1009756BB /* GoogleService-Info.plist in Resources */,
				C5ABD98A20364F6000FA5E75 /* Assets.xcassets in Resources */,
				E306B8462037276E00CE5483 /* SF-Pro-Display-Regular.otf in Resources */,
				C5ABD98820364F6000FA5E75 /* Main.storyboard in Resources */,
				E306B8472037276E00CE5483 /* SF-Pro-Display-Bold.otf in Resources */,
			);
			runOnlyForDeploymentPostprocessing = 0;
		};
/* End PBXResourcesBuildPhase section */

/* Begin PBXShellScriptBuildPhase section */
		314343DDD67FF742950E2A29 /* [CP] Embed Pods Frameworks */ = {
			isa = PBXShellScriptBuildPhase;
			buildActionMask = 2147483647;
			files = (
			);
			inputPaths = (
				"${SRCROOT}/Pods/Target Support Files/Pods-Eglaf/Pods-Eglaf-frameworks.sh",
				"${BUILT_PRODUCTS_DIR}/Alamofire/Alamofire.framework",
				"${BUILT_PRODUCTS_DIR}/GTMSessionFetcher/GTMSessionFetcher.framework",
				"${BUILT_PRODUCTS_DIR}/GoogleToolboxForMac/GoogleToolboxForMac.framework",
				"${BUILT_PRODUCTS_DIR}/ReactiveCocoa/ReactiveCocoa.framework",
				"${BUILT_PRODUCTS_DIR}/ReactiveSwift/ReactiveSwift.framework",
				"${BUILT_PRODUCTS_DIR}/Reqres/Reqres.framework",
				"${BUILT_PRODUCTS_DIR}/Result/Result.framework",
				"${BUILT_PRODUCTS_DIR}/leveldb-library/leveldb.framework",
				"${BUILT_PRODUCTS_DIR}/nanopb/nanopb.framework",
			);
			name = "[CP] Embed Pods Frameworks";
			outputPaths = (
				"${TARGET_BUILD_DIR}/${FRAMEWORKS_FOLDER_PATH}/Alamofire.framework",
				"${TARGET_BUILD_DIR}/${FRAMEWORKS_FOLDER_PATH}/GTMSessionFetcher.framework",
				"${TARGET_BUILD_DIR}/${FRAMEWORKS_FOLDER_PATH}/GoogleToolboxForMac.framework",
				"${TARGET_BUILD_DIR}/${FRAMEWORKS_FOLDER_PATH}/ReactiveCocoa.framework",
				"${TARGET_BUILD_DIR}/${FRAMEWORKS_FOLDER_PATH}/ReactiveSwift.framework",
				"${TARGET_BUILD_DIR}/${FRAMEWORKS_FOLDER_PATH}/Reqres.framework",
				"${TARGET_BUILD_DIR}/${FRAMEWORKS_FOLDER_PATH}/Result.framework",
				"${TARGET_BUILD_DIR}/${FRAMEWORKS_FOLDER_PATH}/leveldb.framework",
				"${TARGET_BUILD_DIR}/${FRAMEWORKS_FOLDER_PATH}/nanopb.framework",
			);
			runOnlyForDeploymentPostprocessing = 0;
			shellPath = /bin/sh;
			shellScript = "\"${SRCROOT}/Pods/Target Support Files/Pods-Eglaf/Pods-Eglaf-frameworks.sh\"\n";
			showEnvVarsInLog = 0;
		};
		BB0CED5A6DD9494928643866 /* [CP] Copy Pods Resources */ = {
			isa = PBXShellScriptBuildPhase;
			buildActionMask = 2147483647;
			files = (
			);
			inputPaths = (
			);
			name = "[CP] Copy Pods Resources";
			outputPaths = (
			);
			runOnlyForDeploymentPostprocessing = 0;
			shellPath = /bin/sh;
			shellScript = "\"${SRCROOT}/Pods/Target Support Files/Pods-Eglaf/Pods-Eglaf-resources.sh\"\n";
			showEnvVarsInLog = 0;
		};
		F726D49A239C54C56BF0D4CC /* [CP] Check Pods Manifest.lock */ = {
			isa = PBXShellScriptBuildPhase;
			buildActionMask = 2147483647;
			files = (
			);
			inputPaths = (
				"${PODS_PODFILE_DIR_PATH}/Podfile.lock",
				"${PODS_ROOT}/Manifest.lock",
			);
			name = "[CP] Check Pods Manifest.lock";
			outputPaths = (
				"$(DERIVED_FILE_DIR)/Pods-Eglaf-checkManifestLockResult.txt",
			);
			runOnlyForDeploymentPostprocessing = 0;
			shellPath = /bin/sh;
			shellScript = "diff \"${PODS_PODFILE_DIR_PATH}/Podfile.lock\" \"${PODS_ROOT}/Manifest.lock\" > /dev/null\nif [ $? != 0 ] ; then\n    # print error to STDERR\n    echo \"error: The sandbox is not in sync with the Podfile.lock. Run 'pod install' or update your CocoaPods installation.\" >&2\n    exit 1\nfi\n# This output is used by Xcode 'outputs' to avoid re-running this script phase.\necho \"SUCCESS\" > \"${SCRIPT_OUTPUT_FILE_0}\"\n";
			showEnvVarsInLog = 0;
		};
/* End PBXShellScriptBuildPhase section */

/* Begin PBXSourcesBuildPhase section */
		C5ABD97B20364F6000FA5E75 /* Sources */ = {
			isa = PBXSourcesBuildPhase;
			buildActionMask = 2147483647;
			files = (
				C5CCCA1020373FEA009756BB /* UIImageView+Extension.swift in Sources */,
				C5ABD98520364F6000FA5E75 /* ViewController.swift in Sources */,
				E306B8032037246D00CE5483 /* IssueTableViewCell.swift in Sources */,
				C58BD0F72036F723004CEF79 /* DBProvider.swift in Sources */,
				E391AD7A2036D85A002B5FF4 /* QRViewController.swift in Sources */,
				E391AD852036E748002B5FF4 /* OKAlert.swift in Sources */,
				E391AD7D2036D8C0002B5FF4 /* StoryboardInit.swift in Sources */,
				C58BD0FF2036FAAA004CEF79 /* IssueHandler.swift in Sources */,
				C5ABD9A0203653E300FA5E75 /* Ticket.swift in Sources */,
				C58BD0F12036DA1C004CEF79 /* Utils.swift in Sources */,
				C58BD1012036FB15004CEF79 /* User.swift in Sources */,
				C5ABD9982036510900FA5E75 /* APIService.swift in Sources */,
				C58BD0FD2036FA9D004CEF79 /* UserHandler.swift in Sources */,
				C5ABD99D2036515200FA5E75 /* EventAPIService.swift in Sources */,
				E391AD782036D80D002B5FF4 /* TabBarViewController.swift in Sources */,
				C5ABD9A42036627900FA5E75 /* CheckInResponse.swift in Sources */,
				C5ABD99A2036511800FA5E75 /* Network.swift in Sources */,
				E306B7FB20371F6800CE5483 /* HomeViewController.swift in Sources */,
				C58BD0FA2036F7A4004CEF79 /* Constants.swift in Sources */,
				C5ABD98320364F6000FA5E75 /* AppDelegate.swift in Sources */,
				E306B7FF2037208E00CE5483 /* ProfileViewController.swift in Sources */,
				C5ABD9A2203653EE00FA5E75 /* Tickets.swift in Sources */,
				C58BD1032036FB20004CEF79 /* Issue.swift in Sources */,
			);
			runOnlyForDeploymentPostprocessing = 0;
		};
/* End PBXSourcesBuildPhase section */

/* Begin PBXVariantGroup section */
		C5ABD98620364F6000FA5E75 /* Main.storyboard */ = {
			isa = PBXVariantGroup;
			children = (
				C5ABD98720364F6000FA5E75 /* Base */,
			);
			name = Main.storyboard;
			sourceTree = "<group>";
		};
		C5ABD98B20364F6000FA5E75 /* LaunchScreen.storyboard */ = {
			isa = PBXVariantGroup;
			children = (
				C5ABD98C20364F6000FA5E75 /* Base */,
			);
			name = LaunchScreen.storyboard;
			sourceTree = "<group>";
		};
/* End PBXVariantGroup section */

/* Begin XCBuildConfiguration section */
		C5ABD98F20364F6000FA5E75 /* Debug */ = {
			isa = XCBuildConfiguration;
			buildSettings = {
				ALWAYS_SEARCH_USER_PATHS = NO;
				CLANG_ANALYZER_NONNULL = YES;
				CLANG_ANALYZER_NUMBER_OBJECT_CONVERSION = YES_AGGRESSIVE;
				CLANG_CXX_LANGUAGE_STANDARD = "gnu++14";
				CLANG_CXX_LIBRARY = "libc++";
				CLANG_ENABLE_MODULES = YES;
				CLANG_ENABLE_OBJC_ARC = YES;
				CLANG_WARN_BLOCK_CAPTURE_AUTORELEASING = YES;
				CLANG_WARN_BOOL_CONVERSION = YES;
				CLANG_WARN_COMMA = YES;
				CLANG_WARN_CONSTANT_CONVERSION = YES;
				CLANG_WARN_DIRECT_OBJC_ISA_USAGE = YES_ERROR;
				CLANG_WARN_DOCUMENTATION_COMMENTS = YES;
				CLANG_WARN_EMPTY_BODY = YES;
				CLANG_WARN_ENUM_CONVERSION = YES;
				CLANG_WARN_INFINITE_RECURSION = YES;
				CLANG_WARN_INT_CONVERSION = YES;
				CLANG_WARN_NON_LITERAL_NULL_CONVERSION = YES;
				CLANG_WARN_OBJC_LITERAL_CONVERSION = YES;
				CLANG_WARN_OBJC_ROOT_CLASS = YES_ERROR;
				CLANG_WARN_RANGE_LOOP_ANALYSIS = YES;
				CLANG_WARN_STRICT_PROTOTYPES = YES;
				CLANG_WARN_SUSPICIOUS_MOVE = YES;
				CLANG_WARN_UNGUARDED_AVAILABILITY = YES_AGGRESSIVE;
				CLANG_WARN_UNREACHABLE_CODE = YES;
				CLANG_WARN__DUPLICATE_METHOD_MATCH = YES;
				CODE_SIGN_IDENTITY = "iPhone Developer";
				COPY_PHASE_STRIP = NO;
				DEBUG_INFORMATION_FORMAT = dwarf;
				ENABLE_STRICT_OBJC_MSGSEND = YES;
				ENABLE_TESTABILITY = YES;
				GCC_C_LANGUAGE_STANDARD = gnu11;
				GCC_DYNAMIC_NO_PIC = NO;
				GCC_NO_COMMON_BLOCKS = YES;
				GCC_OPTIMIZATION_LEVEL = 0;
				GCC_PREPROCESSOR_DEFINITIONS = (
					"DEBUG=1",
					"$(inherited)",
				);
				GCC_WARN_64_TO_32_BIT_CONVERSION = YES;
				GCC_WARN_ABOUT_RETURN_TYPE = YES_ERROR;
				GCC_WARN_UNDECLARED_SELECTOR = YES;
				GCC_WARN_UNINITIALIZED_AUTOS = YES_AGGRESSIVE;
				GCC_WARN_UNUSED_FUNCTION = YES;
				GCC_WARN_UNUSED_VARIABLE = YES;
				IPHONEOS_DEPLOYMENT_TARGET = 11.2;
				MTL_ENABLE_DEBUG_INFO = YES;
				ONLY_ACTIVE_ARCH = YES;
				SDKROOT = iphoneos;
				SWIFT_ACTIVE_COMPILATION_CONDITIONS = DEBUG;
				SWIFT_OPTIMIZATION_LEVEL = "-Onone";
			};
			name = Debug;
		};
		C5ABD99020364F6000FA5E75 /* Release */ = {
			isa = XCBuildConfiguration;
			buildSettings = {
				ALWAYS_SEARCH_USER_PATHS = NO;
				CLANG_ANALYZER_NONNULL = YES;
				CLANG_ANALYZER_NUMBER_OBJECT_CONVERSION = YES_AGGRESSIVE;
				CLANG_CXX_LANGUAGE_STANDARD = "gnu++14";
				CLANG_CXX_LIBRARY = "libc++";
				CLANG_ENABLE_MODULES = YES;
				CLANG_ENABLE_OBJC_ARC = YES;
				CLANG_WARN_BLOCK_CAPTURE_AUTORELEASING = YES;
				CLANG_WARN_BOOL_CONVERSION = YES;
				CLANG_WARN_COMMA = YES;
				CLANG_WARN_CONSTANT_CONVERSION = YES;
				CLANG_WARN_DIRECT_OBJC_ISA_USAGE = YES_ERROR;
				CLANG_WARN_DOCUMENTATION_COMMENTS = YES;
				CLANG_WARN_EMPTY_BODY = YES;
				CLANG_WARN_ENUM_CONVERSION = YES;
				CLANG_WARN_INFINITE_RECURSION = YES;
				CLANG_WARN_INT_CONVERSION = YES;
				CLANG_WARN_NON_LITERAL_NULL_CONVERSION = YES;
				CLANG_WARN_OBJC_LITERAL_CONVERSION = YES;
				CLANG_WARN_OBJC_ROOT_CLASS = YES_ERROR;
				CLANG_WARN_RANGE_LOOP_ANALYSIS = YES;
				CLANG_WARN_STRICT_PROTOTYPES = YES;
				CLANG_WARN_SUSPICIOUS_MOVE = YES;
				CLANG_WARN_UNGUARDED_AVAILABILITY = YES_AGGRESSIVE;
				CLANG_WARN_UNREACHABLE_CODE = YES;
				CLANG_WARN__DUPLICATE_METHOD_MATCH = YES;
				CODE_SIGN_IDENTITY = "iPhone Developer";
				COPY_PHASE_STRIP = NO;
				DEBUG_INFORMATION_FORMAT = "dwarf-with-dsym";
				ENABLE_NS_ASSERTIONS = NO;
				ENABLE_STRICT_OBJC_MSGSEND = YES;
				GCC_C_LANGUAGE_STANDARD = gnu11;
				GCC_NO_COMMON_BLOCKS = YES;
				GCC_WARN_64_TO_32_BIT_CONVERSION = YES;
				GCC_WARN_ABOUT_RETURN_TYPE = YES_ERROR;
				GCC_WARN_UNDECLARED_SELECTOR = YES;
				GCC_WARN_UNINITIALIZED_AUTOS = YES_AGGRESSIVE;
				GCC_WARN_UNUSED_FUNCTION = YES;
				GCC_WARN_UNUSED_VARIABLE = YES;
				IPHONEOS_DEPLOYMENT_TARGET = 11.2;
				MTL_ENABLE_DEBUG_INFO = NO;
				SDKROOT = iphoneos;
				SWIFT_OPTIMIZATION_LEVEL = "-Owholemodule";
				VALIDATE_PRODUCT = YES;
			};
			name = Release;
		};
		C5ABD99220364F6000FA5E75 /* Debug */ = {
			isa = XCBuildConfiguration;
			baseConfigurationReference = 50457889FDFFB3E2B70C7C7D /* Pods-Eglaf.debug.xcconfig */;
			buildSettings = {
				ASSETCATALOG_COMPILER_APPICON_NAME = AppIcon;
				"CODE_SIGN_IDENTITY[sdk=iphoneos*]" = "iPhone Developer";
				CODE_SIGN_STYLE = Automatic;
				DEVELOPMENT_TEAM = 98Y9HY82MU;
				INFOPLIST_FILE = Eglaf/Info.plist;
				IPHONEOS_DEPLOYMENT_TARGET = 11.0;
				LD_RUNPATH_SEARCH_PATHS = "$(inherited) @executable_path/Frameworks";
				PRODUCT_BUNDLE_IDENTIFIER = zvadaada.Eglaf;
				PRODUCT_NAME = "$(TARGET_NAME)";
				PROVISIONING_PROFILE_SPECIFIER = "";
				SWIFT_VERSION = 4.0;
				TARGETED_DEVICE_FAMILY = "1,2";
			};
			name = Debug;
		};
		C5ABD99320364F6000FA5E75 /* Release */ = {
			isa = XCBuildConfiguration;
			baseConfigurationReference = A24EE61D0BA474179EE90ED8 /* Pods-Eglaf.release.xcconfig */;
			buildSettings = {
				ASSETCATALOG_COMPILER_APPICON_NAME = AppIcon;
				"CODE_SIGN_IDENTITY[sdk=iphoneos*]" = "iPhone Developer";
				CODE_SIGN_STYLE = Automatic;
				DEVELOPMENT_TEAM = 98Y9HY82MU;
				INFOPLIST_FILE = Eglaf/Info.plist;
				IPHONEOS_DEPLOYMENT_TARGET = 11.0;
				LD_RUNPATH_SEARCH_PATHS = "$(inherited) @executable_path/Frameworks";
				PRODUCT_BUNDLE_IDENTIFIER = zvadaada.Eglaf;
				PRODUCT_NAME = "$(TARGET_NAME)";
				PROVISIONING_PROFILE_SPECIFIER = "";
				SWIFT_VERSION = 4.0;
				TARGETED_DEVICE_FAMILY = "1,2";
			};
			name = Release;
		};
/* End XCBuildConfiguration section */

/* Begin XCConfigurationList section */
		C5ABD97A20364F6000FA5E75 /* Build configuration list for PBXProject "Eglaf" */ = {
			isa = XCConfigurationList;
			buildConfigurations = (
				C5ABD98F20364F6000FA5E75 /* Debug */,
				C5ABD99020364F6000FA5E75 /* Release */,
			);
			defaultConfigurationIsVisible = 0;
			defaultConfigurationName = Release;
		};
		C5ABD99120364F6000FA5E75 /* Build configuration list for PBXNativeTarget "Eglaf" */ = {
			isa = XCConfigurationList;
			buildConfigurations = (
				C5ABD99220364F6000FA5E75 /* Debug */,
				C5ABD99320364F6000FA5E75 /* Release */,
			);
			defaultConfigurationIsVisible = 0;
			defaultConfigurationName = Release;
		};
/* End XCConfigurationList section */
	};
	rootObject = C5ABD97720364F6000FA5E75 /* Project object */;
}
